
Microsoft Visual Studio Solution File, Format Version 12.00
# Visual Studio Version 17
VisualStudioVersion = 17.9.34714.143
MinimumVisualStudioVersion = 10.0.40219.1
Project("{FAE04EC0-301F-11D3-BF4B-00C04F79EFBC}") = "NZWalks.API", "NZWalks.API\NZWalks.API.csproj", "{24EA26DA-EFF0-4586-850E-E9DC882D7C64}"
EndProject
Global
	GlobalSection(SolutionConfigurationPlatforms) = preSolution
		Debug|Any CPU = Debug|Any CPU
		Release|Any CPU = Release|Any CPU
	EndGlobalSection
	GlobalSection(ProjectConfigurationPlatforms) = postSolution
		{24EA26DA-EFF0-4586-850E-E9DC882D7C64}.Debug|Any CPU.ActiveCfg = Debug|Any CPU
		{24EA26DA-EFF0-4586-850E-E9DC882D7C64}.Debug|Any CPU.Build.0 = Debug|Any CPU
		{24EA26DA-EFF0-4586-850E-E9DC882D7C64}.Release|Any CPU.ActiveCfg = Release|Any CPU
		{24EA26DA-EFF0-4586-850E-E9DC882D7C64}.Release|Any CPU.Build.0 = Release|Any CPU
	EndGlobalSection
	GlobalSection(SolutionProperties) = preSolution
		HideSolutionNode = FALSE
	EndGlobalSection
	GlobalSection(ExtensibilityGlobals) = postSolution
		SolutionGuid = {08AA0765-5F75-4A04-A882-4A9D9AC63ECE}
	EndGlobalSection
EndGlobal
